{
  "requires": true,
  "lockfileVersion": 1,
  "dependencies": {
    "tslib": {
      "version": "1.11.1",
      "resolved": "https://kdi.jfrog.io/kdi/api/npm/npm/tslib/-/tslib-1.11.1.tgz",
      "integrity": "sha1-6xXRKIJ/vuKEFUnhcfRe0zisfjU="
    },
    "xng-breadcrumb": {
      "version": "5.0.1",
      "resolved": "https://kdi.jfrog.io/kdi/api/npm/npm/xng-breadcrumb/-/xng-breadcrumb-5.0.1.tgz",
      "integrity": "sha1-lw10323m71c8UJlt5XRagqGT+2c=",
      "requires": {
        "tslib": "^1.9.0"
      }
    }
  }
}
